{"1.1.0",
[{<<"aleppo">>,{pkg,<<"aleppo">>,<<"0.9.0">>},2},
 {<<"ast_walk">>,{pkg,<<"ast_walk">>,<<"0.3.0">>},2},
 {<<"efene">>,{pkg,<<"efene">>,<<"0.99.2">>},1},
 {<<"rebar3_efene_compile">>,{pkg,<<"rebar3_efene_compile">>,<<"0.1.9">>},0},
 {<<"rebar3_efene_ct">>,{pkg,<<"rebar3_efene_ct">>,<<"0.1.2">>},0},
 {<<"rebar3_efene_shell">>,{pkg,<<"rebar3_efene_shell">>,<<"0.1.2">>},0}]}.
[
{pkg_hash,[
 {<<"aleppo">>, <<"43B4EC269FA136E39DCECBD4323D4346E0EF069A62528A9154F1BB3ACD26E3E4">>},
 {<<"ast_walk">>, <<"B4414AED2D6F213F9ECFC10E812AB1258B019901927A2363F909820CA959BEE8">>},
 {<<"efene">>, <<"FC74F9506DBA3232B0C4D6A5494426FC6D1C73AB71CAD0D066E933E79BC1120E">>},
 {<<"rebar3_efene_compile">>, <<"F805B531369BD472CEE73CE303C4A1FE42B88FD3DE4E84EBC0D96C5045FA2F88">>},
 {<<"rebar3_efene_ct">>, <<"564709363EE5CFC2F4D8DE64267523145265B5293B0E13DA9EC26BFB67482E07">>},
 {<<"rebar3_efene_shell">>, <<"68FE282F52EE087FBA8B9BA599D067A066BBADEC080FBA94348104FEA9F4BE01">>}]}
].
